github.com/apexskier/cryptoPadding v0.0.0-20140318015739-5b1a6ab1223a h1:y+1jKRTeSl+ttzlY12LixTjkTgfG5aejN4v4V+GQDj0=
github.com/apexskier/cryptoPadding v0.0.0-20140318015739-5b1a6ab1223a/go.mod h1:BYnXIQFMKYgvEuJSWiGQCiDv/b8QEW5y1cvXWzv1MT0=
github.com/aws/aws-sdk-go v1.15.64 h1:xI5HhxebTF+jVqVOraUDqI3kr24n+yTvslwZCo3OhGA=
github.com/aws/aws-sdk-go v1.15.64/go.mod h1:E3/ieXAlvM0XWO57iftYVDLLvQ824smPP3ATZkfNZeM=
github.com/aws/aws-sdk-go v1.15.68 h1:2+CJhKkxU/ldztVaJ7V5adR1/ZnYl+oc7ufq2Bl18BQ=
github.com/aws/aws-sdk-go v1.15.68/go.mod h1:E3/ieXAlvM0XWO57iftYVDLLvQ824smPP3ATZkfNZeM=
github.com/beardedfoo/masterkey v0.0.0-20181104124521-c421cd34f4af h1:s+tR8Kjs1QSfYosIJ+tgkX/A2TuVsTEtogFMuZypbYE=
github.com/beardedfoo/masterkey v0.0.0-20181104124521-c421cd34f4af/go.mod h1:1bkeYhJHqlqk3sz652XAHqd33u6NjZ+CZAQzsmhGJKE=
github.com/jmespath/go-jmespath v0.0.0-20160202185014-0b12d6b521d8 h1:12VvqtR6Aowv3l/EQUlocDHW2Cp4G9WJVH7uyH8QFJE=
github.com/jmespath/go-jmespath v0.0.0-20160202185014-0b12d6b521d8/go.mod h1:Nht3zPeWKUH0NzdCt2Blrr5ys8VGpn0CEB0cQHVjt7k=
golang.org/x/crypto v0.0.0-20181030102418-4d3f4d9ffa16 h1:y6ce7gCWtnH+m3dCjzQ1PCuwl28DDIc3VNnvY29DlIA=
golang.org/x/crypto v0.0.0-20181030102418-4d3f4d9ffa16/go.mod h1:6SG95UA2DQfeDnfUPMdvaQW0Q7yPrPDi9nlGo2tz2b4=
golang.org/x/sys v0.0.0-20181031143558-9b800f95dbbc h1:SdCq5U4J+PpbSDIl9bM0V1e1Ug1jsnBkAFvTs1htn7U=
golang.org/x/sys v0.0.0-20181031143558-9b800f95dbbc/go.mod h1:STP8DvDyc/dI5b8T5hshtkjS+E42TnysNCUPdjciGhY=
gopkg.in/check.v1 v0.0.0-20161208181325-20d25e280405/go.mod h1:Co6ibVJAznAaIkqp8huTwlJQCZ016jof/cbN4VW5Yz0=
gopkg.in/yaml.v2 v2.2.1 h1:mUhvW9EsL+naU5Q3cakzfE91YhliOondGd6ZrsDBHQE=
gopkg.in/yaml.v2 v2.2.1/go.mod h1:hI93XBmqTisBFMUTm0b8Fm+jr3Dg1NNxqwp+5A1VGuI=
